
Microsoft Visual Studio Solution File, Format Version 12.00
# Visual Studio Version 16
VisualStudioVersion = 16.0.32106.194
MinimumVisualStudioVersion = 10.0.40219.1
Project("{FAE04EC0-301F-11D3-BF4B-00C04F79EFBC}") = "AT_Email", "AT_Email.csproj", "{C5B58B3E-1DFD-4CE7-8354-D77705EF3692}"
EndProject
Project("{2150E333-8FDC-42A3-9474-1A3956D46DE8}") = "Testss", "Testss", "{E6F3DB75-A604-4CF8-8AF1-C0389A49EAA2}"
EndProject
Global
	GlobalSection(SolutionConfigurationPlatforms) = preSolution
		Debug|Any CPU = Debug|Any CPU
		Release|Any CPU = Release|Any CPU
	EndGlobalSection
	GlobalSection(ProjectConfigurationPlatforms) = postSolution
		{C5B58B3E-1DFD-4CE7-8354-D77705EF3692}.Debug|Any CPU.ActiveCfg = Debug|Any CPU
		{C5B58B3E-1DFD-4CE7-8354-D77705EF3692}.Debug|Any CPU.Build.0 = Debug|Any CPU
		{C5B58B3E-1DFD-4CE7-8354-D77705EF3692}.Release|Any CPU.ActiveCfg = Release|Any CPU
		{C5B58B3E-1DFD-4CE7-8354-D77705EF3692}.Release|Any CPU.Build.0 = Release|Any CPU
	EndGlobalSection
	GlobalSection(SolutionProperties) = preSolution
		HideSolutionNode = FALSE
	EndGlobalSection
	GlobalSection(ExtensibilityGlobals) = postSolution
		SolutionGuid = {8D349E10-54C7-4355-B6B8-70C61055455F}
	EndGlobalSection
EndGlobal
